
Microsoft Visual Studio Solution File, Format Version 11.00
# Visual Studio 2010
Project("{FAE04EC0-301F-11D3-BF4B-00C04F79EFBC}") = "monogame_learning_1", "monogame_learning_1\monogame_learning_1.csproj", "{DBA2CB05-C765-44F2-8130-D7ED522667E2}"
EndProject
Global
	GlobalSection(SolutionConfigurationPlatforms) = preSolution
		Debug|x86 = Debug|x86
		Release|x86 = Release|x86
		AppStore|x86 = AppStore|x86
	EndGlobalSection
	GlobalSection(ProjectConfigurationPlatforms) = postSolution
		{DBA2CB05-C765-44F2-8130-D7ED522667E2}.AppStore|x86.ActiveCfg = AppStore|x86
		{DBA2CB05-C765-44F2-8130-D7ED522667E2}.AppStore|x86.Build.0 = AppStore|x86
		{DBA2CB05-C765-44F2-8130-D7ED522667E2}.Debug|x86.ActiveCfg = Debug|x86
		{DBA2CB05-C765-44F2-8130-D7ED522667E2}.Debug|x86.Build.0 = Debug|x86
		{DBA2CB05-C765-44F2-8130-D7ED522667E2}.Release|x86.ActiveCfg = Release|x86
		{DBA2CB05-C765-44F2-8130-D7ED522667E2}.Release|x86.Build.0 = Release|x86
	EndGlobalSection
	GlobalSection(MonoDevelopProperties) = preSolution
		StartupItem = monogame_learning_1\monogame_learning_1.csproj
	EndGlobalSection
EndGlobal
